
Microsoft Visual Studio Solution File, Format Version 12.00
# Visual Studio Version 16
VisualStudioVersion = 16.0.30611.23
MinimumVisualStudioVersion = 10.0.40219.1
Project("{8BC9CEB8-8B4A-11D0-8D11-00A0C91BC942}") = "11.06.2021_OOPPract", "11.06.2021_OOPPract\11.06.2021_OOPPract.vcxproj", "{549BAF28-5753-4247-A323-8EE97010C1EE}"
EndProject
Global
	GlobalSection(SolutionConfigurationPlatforms) = preSolution
		Debug|x64 = Debug|x64
		Debug|x86 = Debug|x86
		Release|x64 = Release|x64
		Release|x86 = Release|x86
	EndGlobalSection
	GlobalSection(ProjectConfigurationPlatforms) = postSolution
		{549BAF28-5753-4247-A323-8EE97010C1EE}.Debug|x64.ActiveCfg = Debug|x64
		{549BAF28-5753-4247-A323-8EE97010C1EE}.Debug|x64.Build.0 = Debug|x64
		{549BAF28-5753-4247-A323-8EE97010C1EE}.Debug|x86.ActiveCfg = Debug|Win32
		{549BAF28-5753-4247-A323-8EE97010C1EE}.Debug|x86.Build.0 = Debug|Win32
		{549BAF28-5753-4247-A323-8EE97010C1EE}.Release|x64.ActiveCfg = Release|x64
		{549BAF28-5753-4247-A323-8EE97010C1EE}.Release|x64.Build.0 = Release|x64
		{549BAF28-5753-4247-A323-8EE97010C1EE}.Release|x86.ActiveCfg = Release|Win32
		{549BAF28-5753-4247-A323-8EE97010C1EE}.Release|x86.Build.0 = Release|Win32
	EndGlobalSection
	GlobalSection(SolutionProperties) = preSolution
		HideSolutionNode = FALSE
	EndGlobalSection
	GlobalSection(ExtensibilityGlobals) = postSolution
		SolutionGuid = {175032A3-A271-47D5-81C2-8A501B644D8C}
	EndGlobalSection
EndGlobal
